
Microsoft Visual Studio Solution File, Format Version 12.00
# Visual Studio Version 17
VisualStudioVersion = 17.7.34221.43
MinimumVisualStudioVersion = 10.0.40219.1
Project("{FAE04EC0-301F-11D3-BF4B-00C04F79EFBC}") = "Assignment6", "Assignment6\Assignment6.csproj", "{2EE144D5-D5E0-4AAF-8431-3D256CAAA4A1}"
EndProject
Global
	GlobalSection(SolutionConfigurationPlatforms) = preSolution
		Debug|Any CPU = Debug|Any CPU
		Release|Any CPU = Release|Any CPU
	EndGlobalSection
	GlobalSection(ProjectConfigurationPlatforms) = postSolution
		{2EE144D5-D5E0-4AAF-8431-3D256CAAA4A1}.Debug|Any CPU.ActiveCfg = Debug|Any CPU
		{2EE144D5-D5E0-4AAF-8431-3D256CAAA4A1}.Debug|Any CPU.Build.0 = Debug|Any CPU
		{2EE144D5-D5E0-4AAF-8431-3D256CAAA4A1}.Release|Any CPU.ActiveCfg = Release|Any CPU
		{2EE144D5-D5E0-4AAF-8431-3D256CAAA4A1}.Release|Any CPU.Build.0 = Release|Any CPU
	EndGlobalSection
	GlobalSection(SolutionProperties) = preSolution
		HideSolutionNode = FALSE
	EndGlobalSection
	GlobalSection(ExtensibilityGlobals) = postSolution
		SolutionGuid = {0B0A61A6-5930-47E8-BD79-80CE2D009C57}
	EndGlobalSection
EndGlobal
